PODS:
  - AFNetworking (3.1.0):
    - AFNetworking/NSURLSession (= 3.1.0)
    - AFNetworking/Reachability (= 3.1.0)
    - AFNetworking/Security (= 3.1.0)
    - AFNetworking/Serialization (= 3.1.0)
    - AFNetworking/UIKit (= 3.1.0)
  - AFNetworking/NSURLSession (3.1.0):
    - AFNetworking/Reachability
    - AFNetworking/Security
    - AFNetworking/Serialization
  - AFNetworking/Reachability (3.1.0)
  - AFNetworking/Security (3.1.0)
  - AFNetworking/Serialization (3.1.0)
  - AFNetworking/UIKit (3.1.0):
    - AFNetworking/NSURLSession
  - Alamofire (3.3.1)
  - CorePlot (2.0)
  - MBCircularProgressBar (0.3.4)
  - OpenCV (3.0.0)
  - QBImagePickerController (3.4.0)
  - SwiftyDropbox (3.0.0):
    - Alamofire (~> 3.1)

DEPENDENCIES:
  - AFNetworking
  - CorePlot (from `https://github.com/core-plot/core-plot.git`)
  - MBCircularProgressBar
  - OpenCV
  - QBImagePickerController
  - SwiftyDropbox (~> 3.0.0)

EXTERNAL SOURCES:
  CorePlot:
    :git: https://github.com/core-plot/core-plot.git

CHECKOUT OPTIONS:
  CorePlot:
    :commit: 272db3d17bc062cbd5c2de5dffe6747224b6ffb4
    :git: https://github.com/core-plot/core-plot.git

SPEC CHECKSUMS:
  AFNetworking: 5e0e199f73d8626b11e79750991f5d173d1f8b67
  Alamofire: 369bc67b6f5ac33ded3648d7bd21c5bfb91c2ecc
  CorePlot: c1e9eeb17628baba3ab5ea63600d73d7e948d1c4
  MBCircularProgressBar: ff3b8e2f441214d9ee122a24ba0d4d00cc7de881
  OpenCV: be07c02f0d8f125f1d40d261e66a66cb66ece3b3
  QBImagePickerController: d54cf93db6decf26baf6ed3472f336ef35cae022
  SwiftyDropbox: e0d4aa3166082ec07ed942e94edb8c732b3376e4

COCOAPODS: 0.39.0
